# Generated by pub
# See https://dart.dev/tools/pub/glossary#lockfile
packages:
  args:
    dependency: transitive
    description:
      name: args
      sha256: "7cf60b9f0cc88203c5a190b4cd62a99feea42759a7fa695010eb5de1c0b2252a"
      url: "https://pub.dev"
    source: hosted
    version: "2.5.0"
  characters:
    dependency: transitive
    description:
      name: characters
      sha256: "04a925763edad70e8443c99234dc3328f442e811f1d8fd1a72f1c8ad0f69a605"
      url: "https://pub.dev"
    source: hosted
    version: "1.3.0"
  clock:
    dependency: transitive
    description:
      name: clock
      sha256: cb6d7f03e1de671e34607e909a7213e31d7752be4fb66a86d29fe1eb14bfb5cf
      url: "https://pub.dev"
    source: hosted
    version: "1.1.1"
  collection:
    dependency: transitive
    description:
      name: collection
      sha256: ee67cb0715911d28db6bf4af1026078bd6f0128b07a5f66fb2ed94ec6783c09a
      url: "https://pub.dev"
    source: hosted
    version: "1.18.0"
  dbus:
    dependency: transitive
    description:
      name: dbus
      sha256: "365c771ac3b0e58845f39ec6deebc76e3276aa9922b0cc60840712094d9047ac"
      url: "https://pub.dev"
    source: hosted
    version: "0.7.10"
  ffi:
    dependency: transitive
    description:
      name: ffi
      sha256: "493f37e7df1804778ff3a53bd691d8692ddf69702cf4c1c1096a2e41b4779e21"
      url: "https://pub.dev"
    source: hosted
    version: "2.1.2"
  file:
    dependency: transitive
    description:
      name: file
      sha256: "5fc22d7c25582e38ad9a8515372cd9a93834027aacf1801cf01164dac0ffa08c"
      url: "https://pub.dev"
    source: hosted
    version: "7.0.0"
  flutter:
    dependency: "direct main"
    description: flutter
    source: sdk
    version: "0.0.0"
  flutter_local_notifications:
    dependency: "direct main"
    description:
      name: flutter_local_notifications
      sha256: c500d5d9e7e553f06b61877ca6b9c8b92c570a4c8db371038702e8ce57f8a50f
      url: "https://pub.dev"
    source: hosted
    version: "17.2.2"
  flutter_local_notifications_linux:
    dependency: transitive
    description:
      name: flutter_local_notifications_linux
      sha256: c49bd06165cad9beeb79090b18cd1eb0296f4bf4b23b84426e37dd7c027fc3af
      url: "https://pub.dev"
    source: hosted
    version: "4.0.1"
  flutter_local_notifications_platform_interface:
    dependency: transitive
    description:
      name: flutter_local_notifications_platform_interface
      sha256: "85f8d07fe708c1bdcf45037f2c0109753b26ae077e9d9e899d55971711a4ea66"
      url: "https://pub.dev"
    source: hosted
    version: "7.2.0"
  flutter_timezone:
    dependency: "direct main"
    description:
      name: flutter_timezone
      sha256: ea53c61c9152f271a5e30624a624184804947b6a733ff2b64186bb2579446892
      url: "https://pub.dev"
    source: hosted
    version: "3.0.1"
  flutter_web_plugins:
    dependency: transitive
    description: flutter
    source: sdk
    version: "0.0.0"
  infinite_listview:
    dependency: transitive
    description:
      name: infinite_listview
      sha256: f6062c1720eb59be553dfa6b89813d3e8dd2f054538445aaa5edaddfa5195ce6
      url: "https://pub.dev"
    source: hosted
    version: "1.1.0"
  material_color_utilities:
    dependency: transitive
    description:
      name: material_color_utilities
      sha256: f7142bb1154231d7ea5f96bc7bde4bda2a0945d2806bb11670e30b850d56bdec
      url: "https://pub.dev"
    source: hosted
    version: "0.11.1"
  meta:
    dependency: transitive
    description:
      name: meta
      sha256: bdb68674043280c3428e9ec998512fb681678676b3c54e773629ffe74419f8c7
      url: "https://pub.dev"
    source: hosted
    version: "1.15.0"
  numberpicker:
    dependency: "direct main"
    description:
      name: numberpicker
      sha256: "4c129154944b0f6b133e693f8749c3f8bfb67c4d07ef9dcab48b595c22d1f156"
      url: "https://pub.dev"
    source: hosted
    version: "2.1.2"
  path:
    dependency: transitive
    description:
      name: path
      sha256: "087ce49c3f0dc39180befefc60fdb4acd8f8620e5682fe2476afd0b3688bb4af"
      url: "https://pub.dev"
    source: hosted
    version: "1.9.0"
  path_provider_linux:
    dependency: transitive
    description:
      name: path_provider_linux
      sha256: f7a1fe3a634fe7734c8d3f2766ad746ae2a2884abe22e241a8b301bf5cac3279
      url: "https://pub.dev"
    source: hosted
    version: "2.2.1"
  path_provider_platform_interface:
    dependency: transitive
    description:
      name: path_provider_platform_interface
      sha256: "88f5779f72ba699763fa3a3b06aa4bf6de76c8e5de842cf6f29e2e06476c2334"
      url: "https://pub.dev"
    source: hosted
    version: "2.1.2"
  path_provider_windows:
    dependency: transitive
    description:
      name: path_provider_windows
      sha256: bd6f00dbd873bfb70d0761682da2b3a2c2fccc2b9e84c495821639601d81afe7
      url: "https://pub.dev"
    source: hosted
    version: "2.3.0"
  petitparser:
    dependency: transitive
    description:
      name: petitparser
      sha256: c15605cd28af66339f8eb6fbe0e541bfe2d1b72d5825efc6598f3e0a31b9ad27
      url: "https://pub.dev"
    source: hosted
    version: "6.0.2"
  platform:
    dependency: transitive
    description:
      name: platform
      sha256: "9b71283fc13df574056616011fb138fd3b793ea47cc509c189a6c3fa5f8a1a65"
      url: "https://pub.dev"
    source: hosted
    version: "3.1.5"
  plugin_platform_interface:
    dependency: transitive
    description:
      name: plugin_platform_interface
      sha256: "4820fbfdb9478b1ebae27888254d445073732dae3d6ea81f0b7e06d5dedc3f02"
      url: "https://pub.dev"
    source: hosted
    version: "2.1.8"
  shared_preferences:
    dependency: "direct main"
    description:
      name: shared_preferences
      sha256: "746e5369a43170c25816cc472ee016d3a66bc13fcf430c0bc41ad7b4b2922051"
      url: "https://pub.dev"
    source: hosted
    version: "2.3.2"
  shared_preferences_android:
    dependency: transitive
    description:
      name: shared_preferences_android
      sha256: "041be4d9d2dc6079cf342bc8b761b03787e3b71192d658220a56cac9c04a0294"
      url: "https://pub.dev"
    source: hosted
    version: "2.3.0"
  shared_preferences_foundation:
    dependency: transitive
    description:
      name: shared_preferences_foundation
      sha256: "671e7a931f55a08aa45be2a13fe7247f2a41237897df434b30d2012388191833"
      url: "https://pub.dev"
    source: hosted
    version: "2.5.0"
  shared_preferences_linux:
    dependency: transitive
    description:
      name: shared_preferences_linux
      sha256: "2ba0510d3017f91655b7543e9ee46d48619de2a2af38e5c790423f7007c7ccc1"
      url: "https://pub.dev"
    source: hosted
    version: "2.4.0"
  shared_preferences_platform_interface:
    dependency: transitive
    description:
      name: shared_preferences_platform_interface
      sha256: "57cbf196c486bc2cf1f02b85784932c6094376284b3ad5779d1b1c6c6a816b80"
      url: "https://pub.dev"
    source: hosted
    version: "2.4.1"
  shared_preferences_web:
    dependency: transitive
    description:
      name: shared_preferences_web
      sha256: "59dc807b94d29d52ddbb1b3c0d3b9d0a67fc535a64e62a5542c8db0513fcb6c2"
      url: "https://pub.dev"
    source: hosted
    version: "2.4.1"
  shared_preferences_windows:
    dependency: transitive
    description:
      name: shared_preferences_windows
      sha256: "398084b47b7f92110683cac45c6dc4aae853db47e470e5ddcd52cab7f7196ab2"
      url: "https://pub.dev"
    source: hosted
    version: "2.4.0"
  sky_engine:
    dependency: transitive
    description: flutter
    source: sdk
    version: "0.0.99"
  timezone:
    dependency: "direct main"
    description:
      name: timezone
      sha256: "2236ec079a174ce07434e89fcd3fcda430025eb7692244139a9cf54fdcf1fc7d"
      url: "https://pub.dev"
    source: hosted
    version: "0.9.4"
  vector_math:
    dependency: transitive
    description:
      name: vector_math
      sha256: "80b3257d1492ce4d091729e3a67a60407d227c27241d6927be0130c98e741803"
      url: "https://pub.dev"
    source: hosted
    version: "2.1.4"
  web:
    dependency: transitive
    description:
      name: web
      sha256: "97da13628db363c635202ad97068d47c5b8aa555808e7a9411963c533b449b27"
      url: "https://pub.dev"
    source: hosted
    version: "0.5.1"
  xdg_directories:
    dependency: transitive
    description:
      name: xdg_directories
      sha256: faea9dee56b520b55a566385b84f2e8de55e7496104adada9962e0bd11bcff1d
      url: "https://pub.dev"
    source: hosted
    version: "1.0.4"
  xml:
    dependency: transitive
    description:
      name: xml
      sha256: b015a8ad1c488f66851d762d3090a21c600e479dc75e68328c52774040cf9226
      url: "https://pub.dev"
    source: hosted
    version: "6.5.0"
sdks:
  dart: ">=3.4.0 <4.0.0"
  flutter: ">=3.22.0"
